
Microsoft Visual Studio Solution File, Format Version 11.00
# Visual Studio 2010
Project("{FAE04EC0-301F-11D3-BF4B-00C04F79EFBC}") = "Shadowlight", "Assembly-CSharp.csproj", "{AC7005F3-14BF-053E-1195-7CAB7C15BC7E}"
EndProject
Project("{FAE04EC0-301F-11D3-BF4B-00C04F79EFBC}") = "Shadowlight", "Assembly-CSharp-Editor.csproj", "{05CCF593-DE4F-18CC-86EE-A6A213293B34}"
EndProject
Global
	GlobalSection(SolutionConfigurationPlatforms) = preSolution
		Debug|Any CPU = Debug|Any CPU
		Release|Any CPU = Release|Any CPU
	EndGlobalSection
	GlobalSection(ProjectConfigurationPlatforms) = postSolution
		{AC7005F3-14BF-053E-1195-7CAB7C15BC7E}.Debug|Any CPU.ActiveCfg = Debug|Any CPU
		{AC7005F3-14BF-053E-1195-7CAB7C15BC7E}.Debug|Any CPU.Build.0 = Debug|Any CPU
		{AC7005F3-14BF-053E-1195-7CAB7C15BC7E}.Release|Any CPU.ActiveCfg = Release|Any CPU
		{AC7005F3-14BF-053E-1195-7CAB7C15BC7E}.Release|Any CPU.Build.0 = Release|Any CPU
		{05CCF593-DE4F-18CC-86EE-A6A213293B34}.Debug|Any CPU.ActiveCfg = Debug|Any CPU
		{05CCF593-DE4F-18CC-86EE-A6A213293B34}.Debug|Any CPU.Build.0 = Debug|Any CPU
		{05CCF593-DE4F-18CC-86EE-A6A213293B34}.Release|Any CPU.ActiveCfg = Release|Any CPU
		{05CCF593-DE4F-18CC-86EE-A6A213293B34}.Release|Any CPU.Build.0 = Release|Any CPU
	EndGlobalSection
	GlobalSection(SolutionProperties) = preSolution
		HideSolutionNode = FALSE
	EndGlobalSection
	GlobalSection(MonoDevelopProperties) = preSolution
		StartupItem = Assembly-CSharp.csproj
	EndGlobalSection
EndGlobal
